// !$*UTF8*$!
{
	archiveVersion = 1;
	classes = {
	};
	objectVersion = 51;
	objects = {

/* Begin PBXBuildFile section */
		15EE5E33D3E63D90DCBBF9C3 /* Pods_SevenDaysAWeekTests.framework in Frameworks */ = {isa = PBXBuildFile; fileRef = 50BE8AE481B7DE01D26A044B /* Pods_SevenDaysAWeekTests.framework */; };
		5F4BDFEEEBF9588289087FB0 /* Pods_SevenDaysAWeekUITests.framework in Frameworks */ = {isa = PBXBuildFile; fileRef = B3EF84D109D7C12C8118E9E6 /* Pods_SevenDaysAWeekUITests.framework */; };
		7E419C8B88486E94067A315E /* Pods_SevenDaysAWeek.framework in Frameworks */ = {isa = PBXBuildFile; fileRef = 09E62AE7087821C00DD9651C /* Pods_SevenDaysAWeek.framework */; };
		C9633EE222C24E3100FD4CBA /* ModuleEnum.swift in Sources */ = {isa = PBXBuildFile; fileRef = C9633EE122C24E3100FD4CBA /* ModuleEnum.swift */; };
		C9A773D122BD23E3006E0DC7 /* AppDelegate.swift in Sources */ = {isa = PBXBuildFile; fileRef = C9A773D022BD23E3006E0DC7 /* AppDelegate.swift */; };
		C9A773D622BD23E3006E0DC7 /* MainScreen.storyboard in Resources */ = {isa = PBXBuildFile; fileRef = C9A773D422BD23E3006E0DC7 /* MainScreen.storyboard */; };
		C9A773D922BD23E3006E0DC7 /* SevenDaysAWeek.xcdatamodeld in Sources */ = {isa = PBXBuildFile; fileRef = C9A773D722BD23E3006E0DC7 /* SevenDaysAWeek.xcdatamodeld */; };
		C9A773DB22BD23E4006E0DC7 /* Assets.xcassets in Resources */ = {isa = PBXBuildFile; fileRef = C9A773DA22BD23E4006E0DC7 /* Assets.xcassets */; };
		C9A773DE22BD23E4006E0DC7 /* LaunchScreen.storyboard in Resources */ = {isa = PBXBuildFile; fileRef = C9A773DC22BD23E4006E0DC7 /* LaunchScreen.storyboard */; };
		C9A773E922BD23E4006E0DC7 /* SevenDaysAWeekTests.swift in Sources */ = {isa = PBXBuildFile; fileRef = C9A773E822BD23E4006E0DC7 /* SevenDaysAWeekTests.swift */; };
		C9A773F422BD23E4006E0DC7 /* SevenDaysAWeekUITests.swift in Sources */ = {isa = PBXBuildFile; fileRef = C9A773F322BD23E4006E0DC7 /* SevenDaysAWeekUITests.swift */; };
		C9E2288722C245F900BBF5FB /* MainWireFrame.swift in Sources */ = {isa = PBXBuildFile; fileRef = C9E2288622C245F900BBF5FB /* MainWireFrame.swift */; };
/* End PBXBuildFile section */

/* Begin PBXContainerItemProxy section */
		C9A773E522BD23E4006E0DC7 /* PBXContainerItemProxy */ = {
			isa = PBXContainerItemProxy;
			containerPortal = C9A773C522BD23E2006E0DC7 /* Project object */;
			proxyType = 1;
			remoteGlobalIDString = C9A773CC22BD23E2006E0DC7;
			remoteInfo = SevenDaysAWeek;
		};
		C9A773F022BD23E4006E0DC7 /* PBXContainerItemProxy */ = {
			isa = PBXContainerItemProxy;
			containerPortal = C9A773C522BD23E2006E0DC7 /* Project object */;
			proxyType = 1;
			remoteGlobalIDString = C9A773CC22BD23E2006E0DC7;
			remoteInfo = SevenDaysAWeek;
		};
/* End PBXContainerItemProxy section */

/* Begin PBXFileReference section */
		020DF08DAC30333829AA1639 /* Pods-SevenDaysAWeek.debug.xcconfig */ = {isa = PBXFileReference; includeInIndex = 1; lastKnownFileType = text.xcconfig; name = "Pods-SevenDaysAWeek.debug.xcconfig"; path = "Target Support Files/Pods-SevenDaysAWeek/Pods-SevenDaysAWeek.debug.xcconfig"; sourceTree = "<group>"; };
		09E62AE7087821C00DD9651C /* Pods_SevenDaysAWeek.framework */ = {isa = PBXFileReference; explicitFileType = wrapper.framework; includeInIndex = 0; path = Pods_SevenDaysAWeek.framework; sourceTree = BUILT_PRODUCTS_DIR; };
		50BE8AE481B7DE01D26A044B /* Pods_SevenDaysAWeekTests.framework */ = {isa = PBXFileReference; explicitFileType = wrapper.framework; includeInIndex = 0; path = Pods_SevenDaysAWeekTests.framework; sourceTree = BUILT_PRODUCTS_DIR; };
		B3EF84D109D7C12C8118E9E6 /* Pods_SevenDaysAWeekUITests.framework */ = {isa = PBXFileReference; explicitFileType = wrapper.framework; includeInIndex = 0; path = Pods_SevenDaysAWeekUITests.framework; sourceTree = BUILT_PRODUCTS_DIR; };
		C3B601BF492014365C470A4D /* Pods-SevenDaysAWeekTests.debug.xcconfig */ = {isa = PBXFileReference; includeInIndex = 1; lastKnownFileType = text.xcconfig; name = "Pods-SevenDaysAWeekTests.debug.xcconfig"; path = "Target Support Files/Pods-SevenDaysAWeekTests/Pods-SevenDaysAWeekTests.debug.xcconfig"; sourceTree = "<group>"; };
		C84148A9F993E06BC412B4E1 /* Pods-SevenDaysAWeekTests.release.xcconfig */ = {isa = PBXFileReference; includeInIndex = 1; lastKnownFileType = text.xcconfig; name = "Pods-SevenDaysAWeekTests.release.xcconfig"; path = "Target Support Files/Pods-SevenDaysAWeekTests/Pods-SevenDaysAWeekTests.release.xcconfig"; sourceTree = "<group>"; };
		C9633EE122C24E3100FD4CBA /* ModuleEnum.swift */ = {isa = PBXFileReference; lastKnownFileType = sourcecode.swift; path = ModuleEnum.swift; sourceTree = "<group>"; };
		C9A773CD22BD23E3006E0DC7 /* SevenDaysAWeek.app */ = {isa = PBXFileReference; explicitFileType = wrapper.application; includeInIndex = 0; path = SevenDaysAWeek.app; sourceTree = BUILT_PRODUCTS_DIR; };
		C9A773D022BD23E3006E0DC7 /* AppDelegate.swift */ = {isa = PBXFileReference; lastKnownFileType = sourcecode.swift; path = AppDelegate.swift; sourceTree = "<group>"; };
		C9A773D522BD23E3006E0DC7 /* Base */ = {isa = PBXFileReference; lastKnownFileType = file.storyboard; name = Base; path = Base.lproj/MainScreen.storyboard; sourceTree = "<group>"; };
		C9A773D822BD23E3006E0DC7 /* SevenDaysAWeek.xcdatamodel */ = {isa = PBXFileReference; lastKnownFileType = wrapper.xcdatamodel; path = SevenDaysAWeek.xcdatamodel; sourceTree = "<group>"; };
		C9A773DA22BD23E4006E0DC7 /* Assets.xcassets */ = {isa = PBXFileReference; lastKnownFileType = folder.assetcatalog; path = Assets.xcassets; sourceTree = "<group>"; };
		C9A773DD22BD23E4006E0DC7 /* Base */ = {isa = PBXFileReference; lastKnownFileType = file.storyboard; name = Base; path = Base.lproj/LaunchScreen.storyboard; sourceTree = "<group>"; };
		C9A773DF22BD23E4006E0DC7 /* Info.plist */ = {isa = PBXFileReference; lastKnownFileType = text.plist.xml; path = Info.plist; sourceTree = "<group>"; };
		C9A773E422BD23E4006E0DC7 /* SevenDaysAWeekTests.xctest */ = {isa = PBXFileReference; explicitFileType = wrapper.cfbundle; includeInIndex = 0; path = SevenDaysAWeekTests.xctest; sourceTree = BUILT_PRODUCTS_DIR; };
		C9A773E822BD23E4006E0DC7 /* SevenDaysAWeekTests.swift */ = {isa = PBXFileReference; lastKnownFileType = sourcecode.swift; path = SevenDaysAWeekTests.swift; sourceTree = "<group>"; };
		C9A773EA22BD23E4006E0DC7 /* Info.plist */ = {isa = PBXFileReference; lastKnownFileType = text.plist.xml; path = Info.plist; sourceTree = "<group>"; };
		C9A773EF22BD23E4006E0DC7 /* SevenDaysAWeekUITests.xctest */ = {isa = PBXFileReference; explicitFileType = wrapper.cfbundle; includeInIndex = 0; path = SevenDaysAWeekUITests.xctest; sourceTree = BUILT_PRODUCTS_DIR; };
		C9A773F322BD23E4006E0DC7 /* SevenDaysAWeekUITests.swift */ = {isa = PBXFileReference; lastKnownFileType = sourcecode.swift; path = SevenDaysAWeekUITests.swift; sourceTree = "<group>"; };
		C9A773F522BD23E4006E0DC7 /* Info.plist */ = {isa = PBXFileReference; lastKnownFileType = text.plist.xml; path = Info.plist; sourceTree = "<group>"; };
		C9E2288622C245F900BBF5FB /* MainWireFrame.swift */ = {isa = PBXFileReference; lastKnownFileType = sourcecode.swift; path = MainWireFrame.swift; sourceTree = "<group>"; };
		D4C433CA94D628861B982DF2 /* Pods-SevenDaysAWeekUITests.release.xcconfig */ = {isa = PBXFileReference; includeInIndex = 1; lastKnownFileType = text.xcconfig; name = "Pods-SevenDaysAWeekUITests.release.xcconfig"; path = "Target Support Files/Pods-SevenDaysAWeekUITests/Pods-SevenDaysAWeekUITests.release.xcconfig"; sourceTree = "<group>"; };
		DB81981B8F19A07FE0FB9999 /* Pods-SevenDaysAWeek.release.xcconfig */ = {isa = PBXFileReference; includeInIndex = 1; lastKnownFileType = text.xcconfig; name = "Pods-SevenDaysAWeek.release.xcconfig"; path = "Target Support Files/Pods-SevenDaysAWeek/Pods-SevenDaysAWeek.release.xcconfig"; sourceTree = "<group>"; };
		E70357788203006362DF2028 /* Pods-SevenDaysAWeekUITests.debug.xcconfig */ = {isa = PBXFileReference; includeInIndex = 1; lastKnownFileType = text.xcconfig; name = "Pods-SevenDaysAWeekUITests.debug.xcconfig"; path = "Target Support Files/Pods-SevenDaysAWeekUITests/Pods-SevenDaysAWeekUITests.debug.xcconfig"; sourceTree = "<group>"; };
/* End PBXFileReference section */

/* Begin PBXFrameworksBuildPhase section */
		C9A773CA22BD23E2006E0DC7 /* Frameworks */ = {
			isa = PBXFrameworksBuildPhase;
			buildActionMask = 2147483647;
			files = (
				7E419C8B88486E94067A315E /* Pods_SevenDaysAWeek.framework in Frameworks */,
			);
			runOnlyForDeploymentPostprocessing = 0;
		};
		C9A773E122BD23E4006E0DC7 /* Frameworks */ = {
			isa = PBXFrameworksBuildPhase;
			buildActionMask = 2147483647;
			files = (
				15EE5E33D3E63D90DCBBF9C3 /* Pods_SevenDaysAWeekTests.framework in Frameworks */,
			);
			runOnlyForDeploymentPostprocessing = 0;
		};
		C9A773EC22BD23E4006E0DC7 /* Frameworks */ = {
			isa = PBXFrameworksBuildPhase;
			buildActionMask = 2147483647;
			files = (
				5F4BDFEEEBF9588289087FB0 /* Pods_SevenDaysAWeekUITests.framework in Frameworks */,
			);
			runOnlyForDeploymentPostprocessing = 0;
		};
/* End PBXFrameworksBuildPhase section */

/* Begin PBXGroup section */
		0636EBDB1A41C88950E8862C /* Frameworks */ = {
			isa = PBXGroup;
			children = (
				09E62AE7087821C00DD9651C /* Pods_SevenDaysAWeek.framework */,
				50BE8AE481B7DE01D26A044B /* Pods_SevenDaysAWeekTests.framework */,
				B3EF84D109D7C12C8118E9E6 /* Pods_SevenDaysAWeekUITests.framework */,
			);
			name = Frameworks;
			sourceTree = "<group>";
		};
		AE0D278A7C54F96D759C07C7 /* Pods */ = {
			isa = PBXGroup;
			children = (
				020DF08DAC30333829AA1639 /* Pods-SevenDaysAWeek.debug.xcconfig */,
				DB81981B8F19A07FE0FB9999 /* Pods-SevenDaysAWeek.release.xcconfig */,
				C3B601BF492014365C470A4D /* Pods-SevenDaysAWeekTests.debug.xcconfig */,
				C84148A9F993E06BC412B4E1 /* Pods-SevenDaysAWeekTests.release.xcconfig */,
				E70357788203006362DF2028 /* Pods-SevenDaysAWeekUITests.debug.xcconfig */,
				D4C433CA94D628861B982DF2 /* Pods-SevenDaysAWeekUITests.release.xcconfig */,
			);
			path = Pods;
			sourceTree = "<group>";
		};
		C9633EE322C24F6D00FD4CBA /* Modules */ = {
			isa = PBXGroup;
			children = (
				C9E2288522C245D300BBF5FB /* Main */,
				C9633EE122C24E3100FD4CBA /* ModuleEnum.swift */,
			);
			path = Modules;
			sourceTree = "<group>";
		};
		C9A773C422BD23E2006E0DC7 = {
			isa = PBXGroup;
			children = (
				C9A773CF22BD23E3006E0DC7 /* SevenDaysAWeek */,
				C9A773E722BD23E4006E0DC7 /* SevenDaysAWeekTests */,
				C9A773F222BD23E4006E0DC7 /* SevenDaysAWeekUITests */,
				C9A773CE22BD23E3006E0DC7 /* Products */,
				AE0D278A7C54F96D759C07C7 /* Pods */,
				0636EBDB1A41C88950E8862C /* Frameworks */,
			);
			sourceTree = "<group>";
		};
		C9A773CE22BD23E3006E0DC7 /* Products */ = {
			isa = PBXGroup;
			children = (
				C9A773CD22BD23E3006E0DC7 /* SevenDaysAWeek.app */,
				C9A773E422BD23E4006E0DC7 /* SevenDaysAWeekTests.xctest */,
				C9A773EF22BD23E4006E0DC7 /* SevenDaysAWeekUITests.xctest */,
			);
			name = Products;
			sourceTree = "<group>";
		};
		C9A773CF22BD23E3006E0DC7 /* SevenDaysAWeek */ = {
			isa = PBXGroup;
			children = (
				C9633EE322C24F6D00FD4CBA /* Modules */,
				C9A773D022BD23E3006E0DC7 /* AppDelegate.swift */,
				C9A773DA22BD23E4006E0DC7 /* Assets.xcassets */,
				C9A773DC22BD23E4006E0DC7 /* LaunchScreen.storyboard */,
				C9A773DF22BD23E4006E0DC7 /* Info.plist */,
				C9A773D722BD23E3006E0DC7 /* SevenDaysAWeek.xcdatamodeld */,
			);
			path = SevenDaysAWeek;
			sourceTree = "<group>";
		};
		C9A773E722BD23E4006E0DC7 /* SevenDaysAWeekTests */ = {
			isa = PBXGroup;
			children = (
				C9A773E822BD23E4006E0DC7 /* SevenDaysAWeekTests.swift */,
				C9A773EA22BD23E4006E0DC7 /* Info.plist */,
			);
			path = SevenDaysAWeekTests;
			sourceTree = "<group>";
		};
		C9A773F222BD23E4006E0DC7 /* SevenDaysAWeekUITests */ = {
			isa = PBXGroup;
			children = (
				C9A773F322BD23E4006E0DC7 /* SevenDaysAWeekUITests.swift */,
				C9A773F522BD23E4006E0DC7 /* Info.plist */,
			);
			path = SevenDaysAWeekUITests;
			sourceTree = "<group>";
		};
		C9E2288522C245D300BBF5FB /* Main */ = {
			isa = PBXGroup;
			children = (
				C9E2288622C245F900BBF5FB /* MainWireFrame.swift */,
				C9A773D422BD23E3006E0DC7 /* MainScreen.storyboard */,
			);
			path = Main;
			sourceTree = "<group>";
		};
/* End PBXGroup section */

/* Begin PBXNativeTarget section */
		C9A773CC22BD23E2006E0DC7 /* SevenDaysAWeek */ = {
			isa = PBXNativeTarget;
			buildConfigurationList = C9A773F822BD23E4006E0DC7 /* Build configuration list for PBXNativeTarget "SevenDaysAWeek" */;
			buildPhases = (
				11CB41870D867A250B516110 /* [CP] Check Pods Manifest.lock */,
				C9A773C922BD23E2006E0DC7 /* Sources */,
				C9A773CA22BD23E2006E0DC7 /* Frameworks */,
				C9A773CB22BD23E2006E0DC7 /* Resources */,
				6724AFF010BB592893559476 /* [CP] Embed Pods Frameworks */,
			);
			buildRules = (
			);
			dependencies = (
			);
			name = SevenDaysAWeek;
			productName = SevenDaysAWeek;
			productReference = C9A773CD22BD23E3006E0DC7 /* SevenDaysAWeek.app */;
			productType = "com.apple.product-type.application";
		};
		C9A773E322BD23E4006E0DC7 /* SevenDaysAWeekTests */ = {
			isa = PBXNativeTarget;
			buildConfigurationList = C9A773FB22BD23E4006E0DC7 /* Build configuration list for PBXNativeTarget "SevenDaysAWeekTests" */;
			buildPhases = (
				3E86C4687C2DAF9FF601EFEB /* [CP] Check Pods Manifest.lock */,
				C9A773E022BD23E4006E0DC7 /* Sources */,
				C9A773E122BD23E4006E0DC7 /* Frameworks */,
				C9A773E222BD23E4006E0DC7 /* Resources */,
				D976E92B36E444F0F5602A00 /* [CP] Embed Pods Frameworks */,
			);
			buildRules = (
			);
			dependencies = (
				C9A773E622BD23E4006E0DC7 /* PBXTargetDependency */,
			);
			name = SevenDaysAWeekTests;
			productName = SevenDaysAWeekTests;
			productReference = C9A773E422BD23E4006E0DC7 /* SevenDaysAWeekTests.xctest */;
			productType = "com.apple.product-type.bundle.unit-test";
		};
		C9A773EE22BD23E4006E0DC7 /* SevenDaysAWeekUITests */ = {
			isa = PBXNativeTarget;
			buildConfigurationList = C9A773FE22BD23E4006E0DC7 /* Build configuration list for PBXNativeTarget "SevenDaysAWeekUITests" */;
			buildPhases = (
				39CD0C8C77377EEC45D2DC44 /* [CP] Check Pods Manifest.lock */,
				C9A773EB22BD23E4006E0DC7 /* Sources */,
				C9A773EC22BD23E4006E0DC7 /* Frameworks */,
				C9A773ED22BD23E4006E0DC7 /* Resources */,
			);
			buildRules = (
			);
			dependencies = (
				C9A773F122BD23E4006E0DC7 /* PBXTargetDependency */,
			);
			name = SevenDaysAWeekUITests;
			productName = SevenDaysAWeekUITests;
			productReference = C9A773EF22BD23E4006E0DC7 /* SevenDaysAWeekUITests.xctest */;
			productType = "com.apple.product-type.bundle.ui-testing";
		};
/* End PBXNativeTarget section */

/* Begin PBXProject section */
		C9A773C522BD23E2006E0DC7 /* Project object */ = {
			isa = PBXProject;
			attributes = {
				LastSwiftUpdateCheck = 1020;
				LastUpgradeCheck = 1020;
				ORGANIZATIONNAME = Dodo;
				TargetAttributes = {
					C9A773CC22BD23E2006E0DC7 = {
						CreatedOnToolsVersion = 10.2.1;
					};
					C9A773E322BD23E4006E0DC7 = {
						CreatedOnToolsVersion = 10.2.1;
						TestTargetID = C9A773CC22BD23E2006E0DC7;
					};
					C9A773EE22BD23E4006E0DC7 = {
						CreatedOnToolsVersion = 10.2.1;
						TestTargetID = C9A773CC22BD23E2006E0DC7;
					};
				};
			};
			buildConfigurationList = C9A773C822BD23E2006E0DC7 /* Build configuration list for PBXProject "SevenDaysAWeek" */;
			compatibilityVersion = "Xcode 9.3";
			developmentRegion = en;
			hasScannedForEncodings = 0;
			knownRegions = (
				en,
				Base,
			);
			mainGroup = C9A773C422BD23E2006E0DC7;
			productRefGroup = C9A773CE22BD23E3006E0DC7 /* Products */;
			projectDirPath = "";
			projectRoot = "";
			targets = (
				C9A773CC22BD23E2006E0DC7 /* SevenDaysAWeek */,
				C9A773E322BD23E4006E0DC7 /* SevenDaysAWeekTests */,
				C9A773EE22BD23E4006E0DC7 /* SevenDaysAWeekUITests */,
			);
		};
/* End PBXProject section */

/* Begin PBXResourcesBuildPhase section */
		C9A773CB22BD23E2006E0DC7 /* Resources */ = {
			isa = PBXResourcesBuildPhase;
			buildActionMask = 2147483647;
			files = (
				C9A773DE22BD23E4006E0DC7 /* LaunchScreen.storyboard in Resources */,
				C9A773DB22BD23E4006E0DC7 /* Assets.xcassets in Resources */,
				C9A773D622BD23E3006E0DC7 /* MainScreen.storyboard in Resources */,
			);
			runOnlyForDeploymentPostprocessing = 0;
		};
		C9A773E222BD23E4006E0DC7 /* Resources */ = {
			isa = PBXResourcesBuildPhase;
			buildActionMask = 2147483647;
			files = (
			);
			runOnlyForDeploymentPostprocessing = 0;
		};
		C9A773ED22BD23E4006E0DC7 /* Resources */ = {
			isa = PBXResourcesBuildPhase;
			buildActionMask = 2147483647;
			files = (
			);
			runOnlyForDeploymentPostprocessing = 0;
		};
/* End PBXResourcesBuildPhase section */

/* Begin PBXShellScriptBuildPhase section */
		11CB41870D867A250B516110 /* [CP] Check Pods Manifest.lock */ = {
			isa = PBXShellScriptBuildPhase;
			buildActionMask = 2147483647;
			files = (
			);
			inputFileListPaths = (
			);
			inputPaths = (
				"${PODS_PODFILE_DIR_PATH}/Podfile.lock",
				"${PODS_ROOT}/Manifest.lock",
			);
			name = "[CP] Check Pods Manifest.lock";
			outputFileListPaths = (
			);
			outputPaths = (
				"$(DERIVED_FILE_DIR)/Pods-SevenDaysAWeek-checkManifestLockResult.txt",
			);
			runOnlyForDeploymentPostprocessing = 0;
			shellPath = /bin/sh;
			shellScript = "diff \"${PODS_PODFILE_DIR_PATH}/Podfile.lock\" \"${PODS_ROOT}/Manifest.lock\" > /dev/null\nif [ $? != 0 ] ; then\n    # print error to STDERR\n    echo \"error: The sandbox is not in sync with the Podfile.lock. Run 'pod install' or update your CocoaPods installation.\" >&2\n    exit 1\nfi\n# This output is used by Xcode 'outputs' to avoid re-running this script phase.\necho \"SUCCESS\" > \"${SCRIPT_OUTPUT_FILE_0}\"\n";
			showEnvVarsInLog = 0;
		};
		39CD0C8C77377EEC45D2DC44 /* [CP] Check Pods Manifest.lock */ = {
			isa = PBXShellScriptBuildPhase;
			buildActionMask = 2147483647;
			files = (
			);
			inputFileListPaths = (
			);
			inputPaths = (
				"${PODS_PODFILE_DIR_PATH}/Podfile.lock",
				"${PODS_ROOT}/Manifest.lock",
			);
			name = "[CP] Check Pods Manifest.lock";
			outputFileListPaths = (
			);
			outputPaths = (
				"$(DERIVED_FILE_DIR)/Pods-SevenDaysAWeekUITests-checkManifestLockResult.txt",
			);
			runOnlyForDeploymentPostprocessing = 0;
			shellPath = /bin/sh;
			shellScript = "diff \"${PODS_PODFILE_DIR_PATH}/Podfile.lock\" \"${PODS_ROOT}/Manifest.lock\" > /dev/null\nif [ $? != 0 ] ; then\n    # print error to STDERR\n    echo \"error: The sandbox is not in sync with the Podfile.lock. Run 'pod install' or update your CocoaPods installation.\" >&2\n    exit 1\nfi\n# This output is used by Xcode 'outputs' to avoid re-running this script phase.\necho \"SUCCESS\" > \"${SCRIPT_OUTPUT_FILE_0}\"\n";
			showEnvVarsInLog = 0;
		};
		3E86C4687C2DAF9FF601EFEB /* [CP] Check Pods Manifest.lock */ = {
			isa = PBXShellScriptBuildPhase;
			buildActionMask = 2147483647;
			files = (
			);
			inputFileListPaths = (
			);
			inputPaths = (
				"${PODS_PODFILE_DIR_PATH}/Podfile.lock",
				"${PODS_ROOT}/Manifest.lock",
			);
			name = "[CP] Check Pods Manifest.lock";
			outputFileListPaths = (
			);
			outputPaths = (
				"$(DERIVED_FILE_DIR)/Pods-SevenDaysAWeekTests-checkManifestLockResult.txt",
			);
			runOnlyForDeploymentPostprocessing = 0;
			shellPath = /bin/sh;
			shellScript = "diff \"${PODS_PODFILE_DIR_PATH}/Podfile.lock\" \"${PODS_ROOT}/Manifest.lock\" > /dev/null\nif [ $? != 0 ] ; then\n    # print error to STDERR\n    echo \"error: The sandbox is not in sync with the Podfile.lock. Run 'pod install' or update your CocoaPods installation.\" >&2\n    exit 1\nfi\n# This output is used by Xcode 'outputs' to avoid re-running this script phase.\necho \"SUCCESS\" > \"${SCRIPT_OUTPUT_FILE_0}\"\n";
			showEnvVarsInLog = 0;
		};
		6724AFF010BB592893559476 /* [CP] Embed Pods Frameworks */ = {
			isa = PBXShellScriptBuildPhase;
			buildActionMask = 2147483647;
			files = (
			);
			inputFileListPaths = (
				"${PODS_ROOT}/Target Support Files/Pods-SevenDaysAWeek/Pods-SevenDaysAWeek-frameworks-${CONFIGURATION}-input-files.xcfilelist",
			);
			name = "[CP] Embed Pods Frameworks";
			outputFileListPaths = (
				"${PODS_ROOT}/Target Support Files/Pods-SevenDaysAWeek/Pods-SevenDaysAWeek-frameworks-${CONFIGURATION}-output-files.xcfilelist",
			);
			runOnlyForDeploymentPostprocessing = 0;
			shellPath = /bin/sh;
			shellScript = "\"${PODS_ROOT}/Target Support Files/Pods-SevenDaysAWeek/Pods-SevenDaysAWeek-frameworks.sh\"\n";
			showEnvVarsInLog = 0;
		};
		D976E92B36E444F0F5602A00 /* [CP] Embed Pods Frameworks */ = {
			isa = PBXShellScriptBuildPhase;
			buildActionMask = 2147483647;
			files = (
			);
			inputFileListPaths = (
				"${PODS_ROOT}/Target Support Files/Pods-SevenDaysAWeekTests/Pods-SevenDaysAWeekTests-frameworks-${CONFIGURATION}-input-files.xcfilelist",
			);
			name = "[CP] Embed Pods Frameworks";
			outputFileListPaths = (
				"${PODS_ROOT}/Target Support Files/Pods-SevenDaysAWeekTests/Pods-SevenDaysAWeekTests-frameworks-${CONFIGURATION}-output-files.xcfilelist",
			);
			runOnlyForDeploymentPostprocessing = 0;
			shellPath = /bin/sh;
			shellScript = "\"${PODS_ROOT}/Target Support Files/Pods-SevenDaysAWeekTests/Pods-SevenDaysAWeekTests-frameworks.sh\"\n";
			showEnvVarsInLog = 0;
		};
/* End PBXShellScriptBuildPhase section */

/* Begin PBXSourcesBuildPhase section */
		C9A773C922BD23E2006E0DC7 /* Sources */ = {
			isa = PBXSourcesBuildPhase;
			buildActionMask = 2147483647;
			files = (
				C9E2288722C245F900BBF5FB /* MainWireFrame.swift in Sources */,
				C9A773D922BD23E3006E0DC7 /* SevenDaysAWeek.xcdatamodeld in Sources */,
				C9633EE222C24E3100FD4CBA /* ModuleEnum.swift in Sources */,
				C9A773D122BD23E3006E0DC7 /* AppDelegate.swift in Sources */,
			);
			runOnlyForDeploymentPostprocessing = 0;
		};
		C9A773E022BD23E4006E0DC7 /* Sources */ = {
			isa = PBXSourcesBuildPhase;
			buildActionMask = 2147483647;
			files = (
				C9A773E922BD23E4006E0DC7 /* SevenDaysAWeekTests.swift in Sources */,
			);
			runOnlyForDeploymentPostprocessing = 0;
		};
		C9A773EB22BD23E4006E0DC7 /* Sources */ = {
			isa = PBXSourcesBuildPhase;
			buildActionMask = 2147483647;
			files = (
				C9A773F422BD23E4006E0DC7 /* SevenDaysAWeekUITests.swift in Sources */,
			);
			runOnlyForDeploymentPostprocessing = 0;
		};
/* End PBXSourcesBuildPhase section */

/* Begin PBXTargetDependency section */
		C9A773E622BD23E4006E0DC7 /* PBXTargetDependency */ = {
			isa = PBXTargetDependency;
			target = C9A773CC22BD23E2006E0DC7 /* SevenDaysAWeek */;
			targetProxy = C9A773E522BD23E4006E0DC7 /* PBXContainerItemProxy */;
		};
		C9A773F122BD23E4006E0DC7 /* PBXTargetDependency */ = {
			isa = PBXTargetDependency;
			target = C9A773CC22BD23E2006E0DC7 /* SevenDaysAWeek */;
			targetProxy = C9A773F022BD23E4006E0DC7 /* PBXContainerItemProxy */;
		};
/* End PBXTargetDependency section */

/* Begin PBXVariantGroup section */
		C9A773D422BD23E3006E0DC7 /* MainScreen.storyboard */ = {
			isa = PBXVariantGroup;
			children = (
				C9A773D522BD23E3006E0DC7 /* Base */,
			);
			name = MainScreen.storyboard;
			sourceTree = "<group>";
		};
		C9A773DC22BD23E4006E0DC7 /* LaunchScreen.storyboard */ = {
			isa = PBXVariantGroup;
			children = (
				C9A773DD22BD23E4006E0DC7 /* Base */,
			);
			name = LaunchScreen.storyboard;
			sourceTree = "<group>";
		};
/* End PBXVariantGroup section */

/* Begin XCBuildConfiguration section */
		C9A773F622BD23E4006E0DC7 /* Debug */ = {
			isa = XCBuildConfiguration;
			buildSettings = {
				ALWAYS_SEARCH_USER_PATHS = NO;
				CLANG_ANALYZER_NONNULL = YES;
				CLANG_ANALYZER_NUMBER_OBJECT_CONVERSION = YES_AGGRESSIVE;
				CLANG_CXX_LANGUAGE_STANDARD = "gnu++14";
				CLANG_CXX_LIBRARY = "libc++";
				CLANG_ENABLE_MODULES = YES;
				CLANG_ENABLE_OBJC_ARC = YES;
				CLANG_ENABLE_OBJC_WEAK = YES;
				CLANG_WARN_BLOCK_CAPTURE_AUTORELEASING = YES;
				CLANG_WARN_BOOL_CONVERSION = YES;
				CLANG_WARN_COMMA = YES;
				CLANG_WARN_CONSTANT_CONVERSION = YES;
				CLANG_WARN_DEPRECATED_OBJC_IMPLEMENTATIONS = YES;
				CLANG_WARN_DIRECT_OBJC_ISA_USAGE = YES_ERROR;
				CLANG_WARN_DOCUMENTATION_COMMENTS = YES;
				CLANG_WARN_EMPTY_BODY = YES;
				CLANG_WARN_ENUM_CONVERSION = YES;
				CLANG_WARN_INFINITE_RECURSION = YES;
				CLANG_WARN_INT_CONVERSION = YES;
				CLANG_WARN_NON_LITERAL_NULL_CONVERSION = YES;
				CLANG_WARN_OBJC_IMPLICIT_RETAIN_SELF = YES;
				CLANG_WARN_OBJC_LITERAL_CONVERSION = YES;
				CLANG_WARN_OBJC_ROOT_CLASS = YES_ERROR;
				CLANG_WARN_RANGE_LOOP_ANALYSIS = YES;
				CLANG_WARN_STRICT_PROTOTYPES = YES;
				CLANG_WARN_SUSPICIOUS_MOVE = YES;
				CLANG_WARN_UNGUARDED_AVAILABILITY = YES_AGGRESSIVE;
				CLANG_WARN_UNREACHABLE_CODE = YES;
				CLANG_WARN__DUPLICATE_METHOD_MATCH = YES;
				CODE_SIGN_IDENTITY = "iPhone Developer";
				COPY_PHASE_STRIP = NO;
				DEBUG_INFORMATION_FORMAT = dwarf;
				ENABLE_STRICT_OBJC_MSGSEND = YES;
				ENABLE_TESTABILITY = YES;
				GCC_C_LANGUAGE_STANDARD = gnu11;
				GCC_DYNAMIC_NO_PIC = NO;
				GCC_NO_COMMON_BLOCKS = YES;
				GCC_OPTIMIZATION_LEVEL = 0;
				GCC_PREPROCESSOR_DEFINITIONS = (
					"DEBUG=1",
					"$(inherited)",
				);
				GCC_WARN_64_TO_32_BIT_CONVERSION = YES;
				GCC_WARN_ABOUT_RETURN_TYPE = YES_ERROR;
				GCC_WARN_UNDECLARED_SELECTOR = YES;
				GCC_WARN_UNINITIALIZED_AUTOS = YES_AGGRESSIVE;
				GCC_WARN_UNUSED_FUNCTION = YES;
				GCC_WARN_UNUSED_VARIABLE = YES;
				IPHONEOS_DEPLOYMENT_TARGET = 12.2;
				MTL_ENABLE_DEBUG_INFO = INCLUDE_SOURCE;
				MTL_FAST_MATH = YES;
				ONLY_ACTIVE_ARCH = YES;
				SDKROOT = iphoneos;
				SWIFT_ACTIVE_COMPILATION_CONDITIONS = DEBUG;
				SWIFT_OPTIMIZATION_LEVEL = "-Onone";
			};
			name = Debug;
		};
		C9A773F722BD23E4006E0DC7 /* Release */ = {
			isa = XCBuildConfiguration;
			buildSettings = {
				ALWAYS_SEARCH_USER_PATHS = NO;
				CLANG_ANALYZER_NONNULL = YES;
				CLANG_ANALYZER_NUMBER_OBJECT_CONVERSION = YES_AGGRESSIVE;
				CLANG_CXX_LANGUAGE_STANDARD = "gnu++14";
				CLANG_CXX_LIBRARY = "libc++";
				CLANG_ENABLE_MODULES = YES;
				CLANG_ENABLE_OBJC_ARC = YES;
				CLANG_ENABLE_OBJC_WEAK = YES;
				CLANG_WARN_BLOCK_CAPTURE_AUTORELEASING = YES;
				CLANG_WARN_BOOL_CONVERSION = YES;
				CLANG_WARN_COMMA = YES;
				CLANG_WARN_CONSTANT_CONVERSION = YES;
				CLANG_WARN_DEPRECATED_OBJC_IMPLEMENTATIONS = YES;
				CLANG_WARN_DIRECT_OBJC_ISA_USAGE = YES_ERROR;
				CLANG_WARN_DOCUMENTATION_COMMENTS = YES;
				CLANG_WARN_EMPTY_BODY = YES;
				CLANG_WARN_ENUM_CONVERSION = YES;
				CLANG_WARN_INFINITE_RECURSION = YES;
				CLANG_WARN_INT_CONVERSION = YES;
				CLANG_WARN_NON_LITERAL_NULL_CONVERSION = YES;
				CLANG_WARN_OBJC_IMPLICIT_RETAIN_SELF = YES;
				CLANG_WARN_OBJC_LITERAL_CONVERSION = YES;
				CLANG_WARN_OBJC_ROOT_CLASS = YES_ERROR;
				CLANG_WARN_RANGE_LOOP_ANALYSIS = YES;
				CLANG_WARN_STRICT_PROTOTYPES = YES;
				CLANG_WARN_SUSPICIOUS_MOVE = YES;
				CLANG_WARN_UNGUARDED_AVAILABILITY = YES_AGGRESSIVE;
				CLANG_WARN_UNREACHABLE_CODE = YES;
				CLANG_WARN__DUPLICATE_METHOD_MATCH = YES;
				CODE_SIGN_IDENTITY = "iPhone Developer";
				COPY_PHASE_STRIP = NO;
				DEBUG_INFORMATION_FORMAT = "dwarf-with-dsym";
				ENABLE_NS_ASSERTIONS = NO;
				ENABLE_STRICT_OBJC_MSGSEND = YES;
				GCC_C_LANGUAGE_STANDARD = gnu11;
				GCC_NO_COMMON_BLOCKS = YES;
				GCC_WARN_64_TO_32_BIT_CONVERSION = YES;
				GCC_WARN_ABOUT_RETURN_TYPE = YES_ERROR;
				GCC_WARN_UNDECLARED_SELECTOR = YES;
				GCC_WARN_UNINITIALIZED_AUTOS = YES_AGGRESSIVE;
				GCC_WARN_UNUSED_FUNCTION = YES;
				GCC_WARN_UNUSED_VARIABLE = YES;
				IPHONEOS_DEPLOYMENT_TARGET = 12.2;
				MTL_ENABLE_DEBUG_INFO = NO;
				MTL_FAST_MATH = YES;
				SDKROOT = iphoneos;
				SWIFT_COMPILATION_MODE = wholemodule;
				SWIFT_OPTIMIZATION_LEVEL = "-O";
				VALIDATE_PRODUCT = YES;
			};
			name = Release;
		};
		C9A773F922BD23E4006E0DC7 /* Debug */ = {
			isa = XCBuildConfiguration;
			baseConfigurationReference = 020DF08DAC30333829AA1639 /* Pods-SevenDaysAWeek.debug.xcconfig */;
			buildSettings = {
				ALWAYS_EMBED_SWIFT_STANDARD_LIBRARIES = "$(inherited)";
				ASSETCATALOG_COMPILER_APPICON_NAME = AppIcon;
				CODE_SIGN_STYLE = Automatic;
				DEVELOPMENT_TEAM = 65J2F745DV;
				INFOPLIST_FILE = SevenDaysAWeek/Info.plist;
				LD_RUNPATH_SEARCH_PATHS = (
					"$(inherited)",
					"@executable_path/Frameworks",
				);
				PRODUCT_BUNDLE_IDENTIFIER = dodo.SevenDaysAWeek;
				PRODUCT_NAME = "$(TARGET_NAME)";
				SWIFT_VERSION = 5.0;
				TARGETED_DEVICE_FAMILY = "1,2";
			};
			name = Debug;
		};
		C9A773FA22BD23E4006E0DC7 /* Release */ = {
			isa = XCBuildConfiguration;
			baseConfigurationReference = DB81981B8F19A07FE0FB9999 /* Pods-SevenDaysAWeek.release.xcconfig */;
			buildSettings = {
				ALWAYS_EMBED_SWIFT_STANDARD_LIBRARIES = "$(inherited)";
				ASSETCATALOG_COMPILER_APPICON_NAME = AppIcon;
				CODE_SIGN_STYLE = Automatic;
				DEVELOPMENT_TEAM = 65J2F745DV;
				INFOPLIST_FILE = SevenDaysAWeek/Info.plist;
				LD_RUNPATH_SEARCH_PATHS = (
					"$(inherited)",
					"@executable_path/Frameworks",
				);
				PRODUCT_BUNDLE_IDENTIFIER = dodo.SevenDaysAWeek;
				PRODUCT_NAME = "$(TARGET_NAME)";
				SWIFT_VERSION = 5.0;
				TARGETED_DEVICE_FAMILY = "1,2";
			};
			name = Release;
		};
		C9A773FC22BD23E4006E0DC7 /* Debug */ = {
			isa = XCBuildConfiguration;
			baseConfigurationReference = C3B601BF492014365C470A4D /* Pods-SevenDaysAWeekTests.debug.xcconfig */;
			buildSettings = {
				ALWAYS_EMBED_SWIFT_STANDARD_LIBRARIES = "$(inherited)";
				BUNDLE_LOADER = "$(TEST_HOST)";
				CODE_SIGN_STYLE = Automatic;
				DEVELOPMENT_TEAM = 65J2F745DV;
				INFOPLIST_FILE = SevenDaysAWeekTests/Info.plist;
				LD_RUNPATH_SEARCH_PATHS = (
					"$(inherited)",
					"@executable_path/Frameworks",
					"@loader_path/Frameworks",
				);
				LIBRARY_SEARCH_PATHS = "";
				PRODUCT_BUNDLE_IDENTIFIER = dodo.SevenDaysAWeekTests;
				PRODUCT_NAME = "$(TARGET_NAME)";
				SWIFT_VERSION = 5.0;
				TARGETED_DEVICE_FAMILY = "1,2";
				TEST_HOST = "$(BUILT_PRODUCTS_DIR)/SevenDaysAWeek.app/SevenDaysAWeek";
			};
			name = Debug;
		};
		C9A773FD22BD23E4006E0DC7 /* Release */ = {
			isa = XCBuildConfiguration;
			baseConfigurationReference = C84148A9F993E06BC412B4E1 /* Pods-SevenDaysAWeekTests.release.xcconfig */;
			buildSettings = {
				ALWAYS_EMBED_SWIFT_STANDARD_LIBRARIES = "$(inherited)";
				BUNDLE_LOADER = "$(TEST_HOST)";
				CODE_SIGN_STYLE = Automatic;
				DEVELOPMENT_TEAM = 65J2F745DV;
				INFOPLIST_FILE = SevenDaysAWeekTests/Info.plist;
				LD_RUNPATH_SEARCH_PATHS = (
					"$(inherited)",
					"@executable_path/Frameworks",
					"@loader_path/Frameworks",
				);
				LIBRARY_SEARCH_PATHS = "";
				PRODUCT_BUNDLE_IDENTIFIER = dodo.SevenDaysAWeekTests;
				PRODUCT_NAME = "$(TARGET_NAME)";
				SWIFT_VERSION = 5.0;
				TARGETED_DEVICE_FAMILY = "1,2";
				TEST_HOST = "$(BUILT_PRODUCTS_DIR)/SevenDaysAWeek.app/SevenDaysAWeek";
			};
			name = Release;
		};
		C9A773FF22BD23E4006E0DC7 /* Debug */ = {
			isa = XCBuildConfiguration;
			baseConfigurationReference = E70357788203006362DF2028 /* Pods-SevenDaysAWeekUITests.debug.xcconfig */;
			buildSettings = {
				ALWAYS_EMBED_SWIFT_STANDARD_LIBRARIES = NO;
				CODE_SIGN_STYLE = Automatic;
				DEVELOPMENT_TEAM = 65J2F745DV;
				INFOPLIST_FILE = SevenDaysAWeekUITests/Info.plist;
				LD_RUNPATH_SEARCH_PATHS = (
					"$(inherited)",
					"@executable_path/Frameworks",
					"@loader_path/Frameworks",
				);
				LIBRARY_SEARCH_PATHS = "";
				PRODUCT_BUNDLE_IDENTIFIER = dodo.SevenDaysAWeekUITests;
				PRODUCT_NAME = "$(TARGET_NAME)";
				SWIFT_VERSION = 5.0;
				TARGETED_DEVICE_FAMILY = "1,2";
				TEST_TARGET_NAME = SevenDaysAWeek;
			};
			name = Debug;
		};
		C9A7740022BD23E4006E0DC7 /* Release */ = {
			isa = XCBuildConfiguration;
			baseConfigurationReference = D4C433CA94D628861B982DF2 /* Pods-SevenDaysAWeekUITests.release.xcconfig */;
			buildSettings = {
				ALWAYS_EMBED_SWIFT_STANDARD_LIBRARIES = NO;
				CODE_SIGN_STYLE = Automatic;
				DEVELOPMENT_TEAM = 65J2F745DV;
				INFOPLIST_FILE = SevenDaysAWeekUITests/Info.plist;
				LD_RUNPATH_SEARCH_PATHS = (
					"$(inherited)",
					"@executable_path/Frameworks",
					"@loader_path/Frameworks",
				);
				LIBRARY_SEARCH_PATHS = "";
				PRODUCT_BUNDLE_IDENTIFIER = dodo.SevenDaysAWeekUITests;
				PRODUCT_NAME = "$(TARGET_NAME)";
				SWIFT_VERSION = 5.0;
				TARGETED_DEVICE_FAMILY = "1,2";
				TEST_TARGET_NAME = SevenDaysAWeek;
			};
			name = Release;
		};
/* End XCBuildConfiguration section */

/* Begin XCConfigurationList section */
		C9A773C822BD23E2006E0DC7 /* Build configuration list for PBXProject "SevenDaysAWeek" */ = {
			isa = XCConfigurationList;
			buildConfigurations = (
				C9A773F622BD23E4006E0DC7 /* Debug */,
				C9A773F722BD23E4006E0DC7 /* Release */,
			);
			defaultConfigurationIsVisible = 0;
			defaultConfigurationName = Release;
		};
		C9A773F822BD23E4006E0DC7 /* Build configuration list for PBXNativeTarget "SevenDaysAWeek" */ = {
			isa = XCConfigurationList;
			buildConfigurations = (
				C9A773F922BD23E4006E0DC7 /* Debug */,
				C9A773FA22BD23E4006E0DC7 /* Release */,
			);
			defaultConfigurationIsVisible = 0;
			defaultConfigurationName = Release;
		};
		C9A773FB22BD23E4006E0DC7 /* Build configuration list for PBXNativeTarget "SevenDaysAWeekTests" */ = {
			isa = XCConfigurationList;
			buildConfigurations = (
				C9A773FC22BD23E4006E0DC7 /* Debug */,
				C9A773FD22BD23E4006E0DC7 /* Release */,
			);
			defaultConfigurationIsVisible = 0;
			defaultConfigurationName = Release;
		};
		C9A773FE22BD23E4006E0DC7 /* Build configuration list for PBXNativeTarget "SevenDaysAWeekUITests" */ = {
			isa = XCConfigurationList;
			buildConfigurations = (
				C9A773FF22BD23E4006E0DC7 /* Debug */,
				C9A7740022BD23E4006E0DC7 /* Release */,
			);
			defaultConfigurationIsVisible = 0;
			defaultConfigurationName = Release;
		};
/* End XCConfigurationList section */

/* Begin XCVersionGroup section */
		C9A773D722BD23E3006E0DC7 /* SevenDaysAWeek.xcdatamodeld */ = {
			isa = XCVersionGroup;
			children = (
				C9A773D822BD23E3006E0DC7 /* SevenDaysAWeek.xcdatamodel */,
			);
			currentVersion = C9A773D822BD23E3006E0DC7 /* SevenDaysAWeek.xcdatamodel */;
			path = SevenDaysAWeek.xcdatamodeld;
			sourceTree = "<group>";
			versionGroupType = wrapper.xcdatamodel;
		};
/* End XCVersionGroup section */
	};
	rootObject = C9A773C522BD23E2006E0DC7 /* Project object */;
}
